
Microsoft Visual Studio Solution File, Format Version 12.00
# Visual Studio 14
VisualStudioVersion = 14.0.25420.1
MinimumVisualStudioVersion = 10.0.40219.1
Project("{00D1A9C2-B5F0-4AF3-8072-F6C62B433612}") = "Ecommerce", "Ecommerce\Ecommerce.sqlproj", "{308824AB-1108-465C-A030-E8E75B57A278}"
EndProject
Project("{FAE04EC0-301F-11D3-BF4B-00C04F79EFBC}") = "EcommerceWebService", "EcommerceWebService\EcommerceWebService.csproj", "{39187B4A-3B4C-4BA7-9396-FD21BACEAEF8}"
EndProject
Project("{FAE04EC0-301F-11D3-BF4B-00C04F79EFBC}") = "EcommerceDataLayer", "EcommerceDataLayer\EcommerceDataLayer.csproj", "{BD084E22-0CFE-4DE7-B808-5282E0B3A8A1}"
EndProject
Project("{FAE04EC0-301F-11D3-BF4B-00C04F79EFBC}") = "EcommerceWebServiceProxy", "EcommerceWebServiceProxy\EcommerceWebServiceProxy.csproj", "{38DE7A80-50BA-4BD8-B24A-F4B197942EF4}"
EndProject
Project("{FAE04EC0-301F-11D3-BF4B-00C04F79EFBC}") = "EcommerceUnitTest", "EcommerceUnitTest\EcommerceUnitTest.csproj", "{615F69BF-607B-415E-8259-156D9E8BBEB2}"
EndProject
Project("{FAE04EC0-301F-11D3-BF4B-00C04F79EFBC}") = "EcommerceWebApplication", "EcommerceWebApplication\EcommerceWebApplication.csproj", "{FCD5D941-24A5-43CD-B307-17602A93397F}"
EndProject
Global
	GlobalSection(SolutionConfigurationPlatforms) = preSolution
		Debug|Any CPU = Debug|Any CPU
		Release|Any CPU = Release|Any CPU
	EndGlobalSection
	GlobalSection(ProjectConfigurationPlatforms) = postSolution
		{308824AB-1108-465C-A030-E8E75B57A278}.Debug|Any CPU.ActiveCfg = Debug|Any CPU
		{308824AB-1108-465C-A030-E8E75B57A278}.Debug|Any CPU.Build.0 = Debug|Any CPU
		{308824AB-1108-465C-A030-E8E75B57A278}.Debug|Any CPU.Deploy.0 = Debug|Any CPU
		{308824AB-1108-465C-A030-E8E75B57A278}.Release|Any CPU.ActiveCfg = Release|Any CPU
		{308824AB-1108-465C-A030-E8E75B57A278}.Release|Any CPU.Build.0 = Release|Any CPU
		{308824AB-1108-465C-A030-E8E75B57A278}.Release|Any CPU.Deploy.0 = Release|Any CPU
		{39187B4A-3B4C-4BA7-9396-FD21BACEAEF8}.Debug|Any CPU.ActiveCfg = Debug|Any CPU
		{39187B4A-3B4C-4BA7-9396-FD21BACEAEF8}.Debug|Any CPU.Build.0 = Debug|Any CPU
		{39187B4A-3B4C-4BA7-9396-FD21BACEAEF8}.Release|Any CPU.ActiveCfg = Release|Any CPU
		{39187B4A-3B4C-4BA7-9396-FD21BACEAEF8}.Release|Any CPU.Build.0 = Release|Any CPU
		{BD084E22-0CFE-4DE7-B808-5282E0B3A8A1}.Debug|Any CPU.ActiveCfg = Debug|Any CPU
		{BD084E22-0CFE-4DE7-B808-5282E0B3A8A1}.Debug|Any CPU.Build.0 = Debug|Any CPU
		{BD084E22-0CFE-4DE7-B808-5282E0B3A8A1}.Release|Any CPU.ActiveCfg = Release|Any CPU
		{BD084E22-0CFE-4DE7-B808-5282E0B3A8A1}.Release|Any CPU.Build.0 = Release|Any CPU
		{38DE7A80-50BA-4BD8-B24A-F4B197942EF4}.Debug|Any CPU.ActiveCfg = Debug|Any CPU
		{38DE7A80-50BA-4BD8-B24A-F4B197942EF4}.Debug|Any CPU.Build.0 = Debug|Any CPU
		{38DE7A80-50BA-4BD8-B24A-F4B197942EF4}.Release|Any CPU.ActiveCfg = Release|Any CPU
		{38DE7A80-50BA-4BD8-B24A-F4B197942EF4}.Release|Any CPU.Build.0 = Release|Any CPU
		{615F69BF-607B-415E-8259-156D9E8BBEB2}.Debug|Any CPU.ActiveCfg = Debug|Any CPU
		{615F69BF-607B-415E-8259-156D9E8BBEB2}.Debug|Any CPU.Build.0 = Debug|Any CPU
		{615F69BF-607B-415E-8259-156D9E8BBEB2}.Release|Any CPU.ActiveCfg = Release|Any CPU
		{615F69BF-607B-415E-8259-156D9E8BBEB2}.Release|Any CPU.Build.0 = Release|Any CPU
		{FCD5D941-24A5-43CD-B307-17602A93397F}.Debug|Any CPU.ActiveCfg = Debug|Any CPU
		{FCD5D941-24A5-43CD-B307-17602A93397F}.Debug|Any CPU.Build.0 = Debug|Any CPU
		{FCD5D941-24A5-43CD-B307-17602A93397F}.Release|Any CPU.ActiveCfg = Release|Any CPU
		{FCD5D941-24A5-43CD-B307-17602A93397F}.Release|Any CPU.Build.0 = Release|Any CPU
	EndGlobalSection
	GlobalSection(SolutionProperties) = preSolution
		HideSolutionNode = FALSE
	EndGlobalSection
EndGlobal
